
Microsoft Visual Studio Solution File, Format Version 12.00
# Visual Studio Version 16
VisualStudioVersion = 16.0.32002.261
MinimumVisualStudioVersion = 10.0.40219.1
Project("{FAE04EC0-301F-11D3-BF4B-00C04F79EFBC}") = "DQS_Flash_JN5xx", "DQS_Flash_JN5xx\DQS_Flash_JN5xx.csproj", "{D146B674-264D-4B8E-A198-5B1B9CF466A0}"
EndProject
Global
	GlobalSection(SolutionConfigurationPlatforms) = preSolution
		Debug|Any CPU = Debug|Any CPU
		Release|Any CPU = Release|Any CPU
	EndGlobalSection
	GlobalSection(ProjectConfigurationPlatforms) = postSolution
		{D146B674-264D-4B8E-A198-5B1B9CF466A0}.Debug|Any CPU.ActiveCfg = Debug|Any CPU
		{D146B674-264D-4B8E-A198-5B1B9CF466A0}.Debug|Any CPU.Build.0 = Debug|Any CPU
		{D146B674-264D-4B8E-A198-5B1B9CF466A0}.Release|Any CPU.ActiveCfg = Release|Any CPU
		{D146B674-264D-4B8E-A198-5B1B9CF466A0}.Release|Any CPU.Build.0 = Release|Any CPU
	EndGlobalSection
	GlobalSection(SolutionProperties) = preSolution
		HideSolutionNode = FALSE
	EndGlobalSection
	GlobalSection(ExtensibilityGlobals) = postSolution
		SolutionGuid = {24F4BB26-C5E3-4BCE-8885-B600A5738412}
	EndGlobalSection
EndGlobal
